
Microsoft Visual Studio Solution File, Format Version 12.00
# Visual Studio Version 16
VisualStudioVersion = 16.0.30611.23
MinimumVisualStudioVersion = 10.0.40219.1
Project("{9A19103F-16F7-4668-BE54-9A1E7A4F7556}") = "Lottery", "LotteryTicket\Lottery.csproj", "{A3F4AC6D-49D1-4A2C-B79B-48E261C699B6}"
EndProject
Global
	GlobalSection(SolutionConfigurationPlatforms) = preSolution
		Debug|Any CPU = Debug|Any CPU
		Release|Any CPU = Release|Any CPU
	EndGlobalSection
	GlobalSection(ProjectConfigurationPlatforms) = postSolution
		{A3F4AC6D-49D1-4A2C-B79B-48E261C699B6}.Debug|Any CPU.ActiveCfg = Debug|Any CPU
		{A3F4AC6D-49D1-4A2C-B79B-48E261C699B6}.Debug|Any CPU.Build.0 = Debug|Any CPU
		{A3F4AC6D-49D1-4A2C-B79B-48E261C699B6}.Release|Any CPU.ActiveCfg = Release|Any CPU
		{A3F4AC6D-49D1-4A2C-B79B-48E261C699B6}.Release|Any CPU.Build.0 = Release|Any CPU
	EndGlobalSection
	GlobalSection(SolutionProperties) = preSolution
		HideSolutionNode = FALSE
	EndGlobalSection
	GlobalSection(ExtensibilityGlobals) = postSolution
		SolutionGuid = {307A2B10-1569-4046-9137-E4EFEE2FB072}
	EndGlobalSection
EndGlobal
